// !$*UTF8*$!
{
	archiveVersion = 1;
	classes = {
	};
	objectVersion = 46;
	objects = {

/* Begin PBXBuildFile section */
		9FE3A4251F73921200A99645 /* AppDelegate.swift in Sources */ = {isa = PBXBuildFile; fileRef = 9FE3A4241F73921200A99645 /* AppDelegate.swift */; };
		9FE3A4271F73921200A99645 /* ViewController.swift in Sources */ = {isa = PBXBuildFile; fileRef = 9FE3A4261F73921200A99645 /* ViewController.swift */; };
		9FE3A42A1F73921200A99645 /* Main.storyboard in Resources */ = {isa = PBXBuildFile; fileRef = 9FE3A4281F73921200A99645 /* Main.storyboard */; };
		9FE3A42C1F73921200A99645 /* Assets.xcassets in Resources */ = {isa = PBXBuildFile; fileRef = 9FE3A42B1F73921200A99645 /* Assets.xcassets */; };
		9FE3A42F1F73921200A99645 /* LaunchScreen.storyboard in Resources */ = {isa = PBXBuildFile; fileRef = 9FE3A42D1F73921200A99645 /* LaunchScreen.storyboard */; };
		9FE3A43A1F73921200A99645 /* ParklyTests.swift in Sources */ = {isa = PBXBuildFile; fileRef = 9FE3A4391F73921200A99645 /* ParklyTests.swift */; };
/* End PBXBuildFile section */

/* Begin PBXContainerItemProxy section */
		9FE3A4361F73921200A99645 /* PBXContainerItemProxy */ = {
			isa = PBXContainerItemProxy;
			containerPortal = 9FE3A4191F73921100A99645 /* Project object */;
			proxyType = 1;
			remoteGlobalIDString = 9FE3A4201F73921100A99645;
			remoteInfo = Parkly;
		};
/* End PBXContainerItemProxy section */

/* Begin PBXFileReference section */
		9FE3A4211F73921200A99645 /* Parkly.app */ = {isa = PBXFileReference; explicitFileType = wrapper.application; includeInIndex = 0; path = Parkly.app; sourceTree = BUILT_PRODUCTS_DIR; };
		9FE3A4241F73921200A99645 /* AppDelegate.swift */ = {isa = PBXFileReference; lastKnownFileType = sourcecode.swift; path = AppDelegate.swift; sourceTree = "<group>"; };
		9FE3A4261F73921200A99645 /* ViewController.swift */ = {isa = PBXFileReference; lastKnownFileType = sourcecode.swift; path = ViewController.swift; sourceTree = "<group>"; };
		9FE3A4291F73921200A99645 /* Base */ = {isa = PBXFileReference; lastKnownFileType = file.storyboard; name = Base; path = Base.lproj/Main.storyboard; sourceTree = "<group>"; };
		9FE3A42B1F73921200A99645 /* Assets.xcassets */ = {isa = PBXFileReference; lastKnownFileType = folder.assetcatalog; path = Assets.xcassets; sourceTree = "<group>"; };
		9FE3A42E1F73921200A99645 /* Base */ = {isa = PBXFileReference; lastKnownFileType = file.storyboard; name = Base; path = Base.lproj/LaunchScreen.storyboard; sourceTree = "<group>"; };
		9FE3A4301F73921200A99645 /* Info.plist */ = {isa = PBXFileReference; lastKnownFileType = text.plist.xml; path = Info.plist; sourceTree = "<group>"; };
		9FE3A4351F73921200A99645 /* ParklyTests.xctest */ = {isa = PBXFileReference; explicitFileType = wrapper.cfbundle; includeInIndex = 0; path = ParklyTests.xctest; sourceTree = BUILT_PRODUCTS_DIR; };
		9FE3A4391F73921200A99645 /* ParklyTests.swift */ = {isa = PBXFileReference; lastKnownFileType = sourcecode.swift; path = ParklyTests.swift; sourceTree = "<group>"; };
		9FE3A43B1F73921200A99645 /* Info.plist */ = {isa = PBXFileReference; lastKnownFileType = text.plist.xml; path = Info.plist; sourceTree = "<group>"; };
/* End PBXFileReference section */

/* Begin PBXFrameworksBuildPhase section */
		9FE3A41E1F73921100A99645 /* Frameworks */ = {
			isa = PBXFrameworksBuildPhase;
			buildActionMask = 2147483647;
			files = (
			);
			runOnlyForDeploymentPostprocessing = 0;
		};
		9FE3A4321F73921200A99645 /* Frameworks */ = {
			isa = PBXFrameworksBuildPhase;
			buildActionMask = 2147483647;
			files = (
			);
			runOnlyForDeploymentPostprocessing = 0;
		};
/* End PBXFrameworksBuildPhase section */

/* Begin PBXGroup section */
		9FE3A4181F73921100A99645 = {
			isa = PBXGroup;
			children = (
				9FE3A4231F73921200A99645 /* Parkly */,
				9FE3A4381F73921200A99645 /* ParklyTests */,
				9FE3A4221F73921200A99645 /* Products */,
			);
			sourceTree = "<group>";
		};
		9FE3A4221F73921200A99645 /* Products */ = {
			isa = PBXGroup;
			children = (
				9FE3A4211F73921200A99645 /* Parkly.app */,
				9FE3A4351F73921200A99645 /* ParklyTests.xctest */,
			);
			name = Products;
			sourceTree = "<group>";
		};
		9FE3A4231F73921200A99645 /* Parkly */ = {
			isa = PBXGroup;
			children = (
				9FE3A4241F73921200A99645 /* AppDelegate.swift */,
				9FE3A4261F73921200A99645 /* ViewController.swift */,
				9FE3A4281F73921200A99645 /* Main.storyboard */,
				9FE3A42B1F73921200A99645 /* Assets.xcassets */,
				9FE3A42D1F73921200A99645 /* LaunchScreen.storyboard */,
				9FE3A4301F73921200A99645 /* Info.plist */,
			);
			path = Parkly;
			sourceTree = "<group>";
		};
		9FE3A4381F73921200A99645 /* ParklyTests */ = {
			isa = PBXGroup;
			children = (
				9FE3A4391F73921200A99645 /* ParklyTests.swift */,
				9FE3A43B1F73921200A99645 /* Info.plist */,
			);
			path = ParklyTests;
			sourceTree = "<group>";
		};
/* End PBXGroup section */

/* Begin PBXNativeTarget section */
		9FE3A4201F73921100A99645 /* Parkly */ = {
			isa = PBXNativeTarget;
			buildConfigurationList = 9FE3A43E1F73921200A99645 /* Build configuration list for PBXNativeTarget "Parkly" */;
			buildPhases = (
				9FE3A41D1F73921100A99645 /* Sources */,
				9FE3A41E1F73921100A99645 /* Frameworks */,
				9FE3A41F1F73921100A99645 /* Resources */,
			);
			buildRules = (
			);
			dependencies = (
			);
			name = Parkly;
			productName = Parkly;
			productReference = 9FE3A4211F73921200A99645 /* Parkly.app */;
			productType = "com.apple.product-type.application";
		};
		9FE3A4341F73921200A99645 /* ParklyTests */ = {
			isa = PBXNativeTarget;
			buildConfigurationList = 9FE3A4411F73921200A99645 /* Build configuration list for PBXNativeTarget "ParklyTests" */;
			buildPhases = (
				9FE3A4311F73921200A99645 /* Sources */,
				9FE3A4321F73921200A99645 /* Frameworks */,
				9FE3A4331F73921200A99645 /* Resources */,
			);
			buildRules = (
			);
			dependencies = (
				9FE3A4371F73921200A99645 /* PBXTargetDependency */,
			);
			name = ParklyTests;
			productName = ParklyTests;
			productReference = 9FE3A4351F73921200A99645 /* ParklyTests.xctest */;
			productType = "com.apple.product-type.bundle.unit-test";
		};
/* End PBXNativeTarget section */

/* Begin PBXProject section */
		9FE3A4191F73921100A99645 /* Project object */ = {
			isa = PBXProject;
			attributes = {
				LastSwiftUpdateCheck = 0820;
				LastUpgradeCheck = 0820;
				ORGANIZATIONNAME = "Kenneth Kang";
				TargetAttributes = {
					9FE3A4201F73921100A99645 = {
						CreatedOnToolsVersion = 8.2.1;
						DevelopmentTeam = N8HHGMCPUJ;
						ProvisioningStyle = Automatic;
					};
					9FE3A4341F73921200A99645 = {
						CreatedOnToolsVersion = 8.2.1;
						DevelopmentTeam = N8HHGMCPUJ;
						ProvisioningStyle = Automatic;
						TestTargetID = 9FE3A4201F73921100A99645;
					};
				};
			};
			buildConfigurationList = 9FE3A41C1F73921100A99645 /* Build configuration list for PBXProject "Parkly" */;
			compatibilityVersion = "Xcode 3.2";
			developmentRegion = English;
			hasScannedForEncodings = 0;
			knownRegions = (
				en,
				Base,
			);
			mainGroup = 9FE3A4181F73921100A99645;
			productRefGroup = 9FE3A4221F73921200A99645 /* Products */;
			projectDirPath = "";
			projectRoot = "";
			targets = (
				9FE3A4201F73921100A99645 /* Parkly */,
				9FE3A4341F73921200A99645 /* ParklyTests */,
			);
		};
/* End PBXProject section */

/* Begin PBXResourcesBuildPhase section */
		9FE3A41F1F73921100A99645 /* Resources */ = {
			isa = PBXResourcesBuildPhase;
			buildActionMask = 2147483647;
			files = (
				9FE3A42F1F73921200A99645 /* LaunchScreen.storyboard in Resources */,
				9FE3A42C1F73921200A99645 /* Assets.xcassets in Resources */,
				9FE3A42A1F73921200A99645 /* Main.storyboard in Resources */,
			);
			runOnlyForDeploymentPostprocessing = 0;
		};
		9FE3A4331F73921200A99645 /* Resources */ = {
			isa = PBXResourcesBuildPhase;
			buildActionMask = 2147483647;
			files = (
			);
			runOnlyForDeploymentPostprocessing = 0;
		};
/* End PBXResourcesBuildPhase section */

/* Begin PBXSourcesBuildPhase section */
		9FE3A41D1F73921100A99645 /* Sources */ = {
			isa = PBXSourcesBuildPhase;
			buildActionMask = 2147483647;
			files = (
				9FE3A4271F73921200A99645 /* ViewController.swift in Sources */,
				9FE3A4251F73921200A99645 /* AppDelegate.swift in Sources */,
			);
			runOnlyForDeploymentPostprocessing = 0;
		};
		9FE3A4311F73921200A99645 /* Sources */ = {
			isa = PBXSourcesBuildPhase;
			buildActionMask = 2147483647;
			files = (
				9FE3A43A1F73921200A99645 /* ParklyTests.swift in Sources */,
			);
			runOnlyForDeploymentPostprocessing = 0;
		};
/* End PBXSourcesBuildPhase section */

/* Begin PBXTargetDependency section */
		9FE3A4371F73921200A99645 /* PBXTargetDependency */ = {
			isa = PBXTargetDependency;
			target = 9FE3A4201F73921100A99645 /* Parkly */;
			targetProxy = 9FE3A4361F73921200A99645 /* PBXContainerItemProxy */;
		};
/* End PBXTargetDependency section */

/* Begin PBXVariantGroup section */
		9FE3A4281F73921200A99645 /* Main.storyboard */ = {
			isa = PBXVariantGroup;
			children = (
				9FE3A4291F73921200A99645 /* Base */,
			);
			name = Main.storyboard;
			sourceTree = "<group>";
		};
		9FE3A42D1F73921200A99645 /* LaunchScreen.storyboard */ = {
			isa = PBXVariantGroup;
			children = (
				9FE3A42E1F73921200A99645 /* Base */,
			);
			name = LaunchScreen.storyboard;
			sourceTree = "<group>";
		};
/* End PBXVariantGroup section */

/* Begin XCBuildConfiguration section */
		9FE3A43C1F73921200A99645 /* Debug */ = {
			isa = XCBuildConfiguration;
			buildSettings = {
				ALWAYS_SEARCH_USER_PATHS = NO;
				CLANG_ANALYZER_NONNULL = YES;
				CLANG_CXX_LANGUAGE_STANDARD = "gnu++0x";
				CLANG_CXX_LIBRARY = "libc++";
				CLANG_ENABLE_MODULES = YES;
				CLANG_ENABLE_OBJC_ARC = YES;
				CLANG_WARN_BOOL_CONVERSION = YES;
				CLANG_WARN_CONSTANT_CONVERSION = YES;
				CLANG_WARN_DIRECT_OBJC_ISA_USAGE = YES_ERROR;
				CLANG_WARN_DOCUMENTATION_COMMENTS = YES;
				CLANG_WARN_EMPTY_BODY = YES;
				CLANG_WARN_ENUM_CONVERSION = YES;
				CLANG_WARN_INFINITE_RECURSION = YES;
				CLANG_WARN_INT_CONVERSION = YES;
				CLANG_WARN_OBJC_ROOT_CLASS = YES_ERROR;
				CLANG_WARN_SUSPICIOUS_MOVE = YES;
				CLANG_WARN_UNREACHABLE_CODE = YES;
				CLANG_WARN__DUPLICATE_METHOD_MATCH = YES;
				"CODE_SIGN_IDENTITY[sdk=iphoneos*]" = "iPhone Developer";
				COPY_PHASE_STRIP = NO;
				DEBUG_INFORMATION_FORMAT = dwarf;
				ENABLE_STRICT_OBJC_MSGSEND = YES;
				ENABLE_TESTABILITY = YES;
				GCC_C_LANGUAGE_STANDARD = gnu99;
				GCC_DYNAMIC_NO_PIC = NO;
				GCC_NO_COMMON_BLOCKS = YES;
				GCC_OPTIMIZATION_LEVEL = 0;
				GCC_PREPROCESSOR_DEFINITIONS = (
					"DEBUG=1",
					"$(inherited)",
				);
				GCC_WARN_64_TO_32_BIT_CONVERSION = YES;
				GCC_WARN_ABOUT_RETURN_TYPE = YES_ERROR;
				GCC_WARN_UNDECLARED_SELECTOR = YES;
				GCC_WARN_UNINITIALIZED_AUTOS = YES_AGGRESSIVE;
				GCC_WARN_UNUSED_FUNCTION = YES;
				GCC_WARN_UNUSED_VARIABLE = YES;
				IPHONEOS_DEPLOYMENT_TARGET = 10.2;
				MTL_ENABLE_DEBUG_INFO = YES;
				ONLY_ACTIVE_ARCH = YES;
				SDKROOT = iphoneos;
				SWIFT_ACTIVE_COMPILATION_CONDITIONS = DEBUG;
				SWIFT_OPTIMIZATION_LEVEL = "-Onone";
				TARGETED_DEVICE_FAMILY = "1,2";
			};
			name = Debug;
		};
		9FE3A43D1F73921200A99645 /* Release */ = {
			isa = XCBuildConfiguration;
			buildSettings = {
				ALWAYS_SEARCH_USER_PATHS = NO;
				CLANG_ANALYZER_NONNULL = YES;
				CLANG_CXX_LANGUAGE_STANDARD = "gnu++0x";
				CLANG_CXX_LIBRARY = "libc++";
				CLANG_ENABLE_MODULES = YES;
				CLANG_ENABLE_OBJC_ARC = YES;
				CLANG_WARN_BOOL_CONVERSION = YES;
				CLANG_WARN_CONSTANT_CONVERSION = YES;
				CLANG_WARN_DIRECT_OBJC_ISA_USAGE = YES_ERROR;
				CLANG_WARN_DOCUMENTATION_COMMENTS = YES;
				CLANG_WARN_EMPTY_BODY = YES;
				CLANG_WARN_ENUM_CONVERSION = YES;
				CLANG_WARN_INFINITE_RECURSION = YES;
				CLANG_WARN_INT_CONVERSION = YES;
				CLANG_WARN_OBJC_ROOT_CLASS = YES_ERROR;
				CLANG_WARN_SUSPICIOUS_MOVE = YES;
				CLANG_WARN_UNREACHABLE_CODE = YES;
				CLANG_WARN__DUPLICATE_METHOD_MATCH = YES;
				"CODE_SIGN_IDENTITY[sdk=iphoneos*]" = "iPhone Developer";
				COPY_PHASE_STRIP = NO;
				DEBUG_INFORMATION_FORMAT = "dwarf-with-dsym";
				ENABLE_NS_ASSERTIONS = NO;
				ENABLE_STRICT_OBJC_MSGSEND = YES;
				GCC_C_LANGUAGE_STANDARD = gnu99;
				GCC_NO_COMMON_BLOCKS = YES;
				GCC_WARN_64_TO_32_BIT_CONVERSION = YES;
				GCC_WARN_ABOUT_RETURN_TYPE = YES_ERROR;
				GCC_WARN_UNDECLARED_SELECTOR = YES;
				GCC_WARN_UNINITIALIZED_AUTOS = YES_AGGRESSIVE;
				GCC_WARN_UNUSED_FUNCTION = YES;
				GCC_WARN_UNUSED_VARIABLE = YES;
				IPHONEOS_DEPLOYMENT_TARGET = 10.2;
				MTL_ENABLE_DEBUG_INFO = NO;
				SDKROOT = iphoneos;
				SWIFT_OPTIMIZATION_LEVEL = "-Owholemodule";
				TARGETED_DEVICE_FAMILY = "1,2";
				VALIDATE_PRODUCT = YES;
			};
			name = Release;
		};
		9FE3A43F1F73921200A99645 /* Debug */ = {
			isa = XCBuildConfiguration;
			buildSettings = {
				ASSETCATALOG_COMPILER_APPICON_NAME = AppIcon;
				DEVELOPMENT_TEAM = N8HHGMCPUJ;
				INFOPLIST_FILE = Parkly/Info.plist;
				LD_RUNPATH_SEARCH_PATHS = "$(inherited) @executable_path/Frameworks";
				PRODUCT_BUNDLE_IDENTIFIER = com.undercorp.Parkly;
				PRODUCT_NAME = "$(TARGET_NAME)";
				SWIFT_VERSION = 3.0;
			};
			name = Debug;
		};
		9FE3A4401F73921200A99645 /* Release */ = {
			isa = XCBuildConfiguration;
			buildSettings = {
				ASSETCATALOG_COMPILER_APPICON_NAME = AppIcon;
				DEVELOPMENT_TEAM = N8HHGMCPUJ;
				INFOPLIST_FILE = Parkly/Info.plist;
				LD_RUNPATH_SEARCH_PATHS = "$(inherited) @executable_path/Frameworks";
				PRODUCT_BUNDLE_IDENTIFIER = com.undercorp.Parkly;
				PRODUCT_NAME = "$(TARGET_NAME)";
				SWIFT_VERSION = 3.0;
			};
			name = Release;
		};
		9FE3A4421F73921200A99645 /* Debug */ = {
			isa = XCBuildConfiguration;
			buildSettings = {
				ALWAYS_EMBED_SWIFT_STANDARD_LIBRARIES = YES;
				BUNDLE_LOADER = "$(TEST_HOST)";
				DEVELOPMENT_TEAM = N8HHGMCPUJ;
				INFOPLIST_FILE = ParklyTests/Info.plist;
				LD_RUNPATH_SEARCH_PATHS = "$(inherited) @executable_path/Frameworks @loader_path/Frameworks";
				PRODUCT_BUNDLE_IDENTIFIER = com.undercorp.ParklyTests;
				PRODUCT_NAME = "$(TARGET_NAME)";
				SWIFT_VERSION = 3.0;
				TEST_HOST = "$(BUILT_PRODUCTS_DIR)/Parkly.app/Parkly";
			};
			name = Debug;
		};
		9FE3A4431F73921200A99645 /* Release */ = {
			isa = XCBuildConfiguration;
			buildSettings = {
				ALWAYS_EMBED_SWIFT_STANDARD_LIBRARIES = YES;
				BUNDLE_LOADER = "$(TEST_HOST)";
				DEVELOPMENT_TEAM = N8HHGMCPUJ;
				INFOPLIST_FILE = ParklyTests/Info.plist;
				LD_RUNPATH_SEARCH_PATHS = "$(inherited) @executable_path/Frameworks @loader_path/Frameworks";
				PRODUCT_BUNDLE_IDENTIFIER = com.undercorp.ParklyTests;
				PRODUCT_NAME = "$(TARGET_NAME)";
				SWIFT_VERSION = 3.0;
				TEST_HOST = "$(BUILT_PRODUCTS_DIR)/Parkly.app/Parkly";
			};
			name = Release;
		};
/* End XCBuildConfiguration section */

/* Begin XCConfigurationList section */
		9FE3A41C1F73921100A99645 /* Build configuration list for PBXProject "Parkly" */ = {
			isa = XCConfigurationList;
			buildConfigurations = (
				9FE3A43C1F73921200A99645 /* Debug */,
				9FE3A43D1F73921200A99645 /* Release */,
			);
			defaultConfigurationIsVisible = 0;
			defaultConfigurationName = Release;
		};
		9FE3A43E1F73921200A99645 /* Build configuration list for PBXNativeTarget "Parkly" */ = {
			isa = XCConfigurationList;
			buildConfigurations = (
				9FE3A43F1F73921200A99645 /* Debug */,
				9FE3A4401F73921200A99645 /* Release */,
			);
			defaultConfigurationIsVisible = 0;
		};
		9FE3A4411F73921200A99645 /* Build configuration list for PBXNativeTarget "ParklyTests" */ = {
			isa = XCConfigurationList;
			buildConfigurations = (
				9FE3A4421F73921200A99645 /* Debug */,
				9FE3A4431F73921200A99645 /* Release */,
			);
			defaultConfigurationIsVisible = 0;
		};
/* End XCConfigurationList section */
	};
	rootObject = 9FE3A4191F73921100A99645 /* Project object */;
}
